{
  "requires": true,
  "lockfileVersion": 1,
  "dependencies": {
    "@rxweb/reactive-form-validators": {
      "version": "2.1.7",
      "resolved": "https://registry.npmjs.org/@rxweb/reactive-form-validators/-/reactive-form-validators-2.1.7.tgz",
      "integrity": "sha512-3AA10s0H0GC4pcQMXMGJvK58qEzFXNChWv4n832ZXP+0y8mVmOXOYQ9pr79dbPtP4/K3ZnnVMwC0WDQFfICuHQ==",
      "requires": {
        "tslib": "2.2.0"
      }
    },
    "tslib": {
      "version": "2.2.0",
      "resolved": "https://registry.npmjs.org/tslib/-/tslib-2.2.0.tgz",
      "integrity": "sha512-gS9GVHRU+RGn5KQM2rllAlR3dU6m7AcpJKdtH8gFvQiC4Otgk98XnmMU+nZenHt/+VhnBPWwgrJsyrdcw6i23w=="
    }
  }
}
