
Microsoft Visual Studio Solution File, Format Version 12.00
# Visual Studio Version 16
VisualStudioVersion = 16.0.30114.105
MinimumVisualStudioVersion = 10.0.40219.1
Project("{2150E333-8FDC-42A3-9474-1A3956D46DE8}") = "apps", "apps", "{2AE84712-1096-450F-8628-6BB9CDB167F5}"
EndProject
Project("{2150E333-8FDC-42A3-9474-1A3956D46DE8}") = "apps", "apps", "{C94025FB-798D-467C-82E5-FE665A700918}"
EndProject
Project("{FAE04EC0-301F-11D3-BF4B-00C04F79EFBC}") = "ZapisywarkaClientAps..Apps.ZapisywarkaApi", "apps\apps\zapisywarka.api\ZapisywarkaClientAps..Apps.ZapisywarkaApi.csproj", "{21DA3217-6F6E-4919-9E71-8C74C2E2861E}"
EndProject
Project("{FAE04EC0-301F-11D3-BF4B-00C04F79EFBC}") = "ZapisywarkaClientAps.ZapisywarkaApi", "apps\zapisywarka-api\ZapisywarkaClientAps.ZapisywarkaApi.csproj", "{2CBB39B5-01F6-4C7A-9729-4C40BC4D580C}"
EndProject
Project("{FAE04EC0-301F-11D3-BF4B-00C04F79EFBC}") = "ZapisywarkaClientAps.ZapisywarkaApi.Test", "apps\zapisywarka-api-test\ZapisywarkaClientAps.ZapisywarkaApi.Test.csproj", "{52D6CB92-C5DE-43A8-9CB1-77746F0B669F}"
EndProject
Project("{2150E333-8FDC-42A3-9474-1A3956D46DE8}") = "libs", "libs", "{FE312B85-D13A-4E6B-957F-952D66EDC4D4}"
EndProject
Project("{2150E333-8FDC-42A3-9474-1A3956D46DE8}") = "api", "api", "{7E6949C4-2E8D-4E8B-94B4-BE8FAA4C5257}"
EndProject
Project("{2150E333-8FDC-42A3-9474-1A3956D46DE8}") = "identity", "identity", "{DFCA55BE-94EA-4C79-99FB-FD1835B813FB}"
EndProject
Project("{FAE04EC0-301F-11D3-BF4B-00C04F79EFBC}") = "ZapisywarkaClientAps.Api.Identity.IdentityApi", "libs\api\identity\identity-api\ZapisywarkaClientAps.Api.Identity.IdentityApi.csproj", "{C3D67CA4-CACE-422C-86D7-781B8E47FE32}"
EndProject
Project("{FAE04EC0-301F-11D3-BF4B-00C04F79EFBC}") = "ZapisywarkaClientAps.Api.Identity.IdentityApi.Test", "libs\api\identity\identity-api-test\ZapisywarkaClientAps.Api.Identity.IdentityApi.Test.csproj", "{0D9EE22E-A54F-472A-9B49-3948D663DDEB}"
EndProject
Project("{FAE04EC0-301F-11D3-BF4B-00C04F79EFBC}") = "ZapisywarkaClientAps.Api.Identity.IdentityCore", "libs\api\identity\identity-core\ZapisywarkaClientAps.Api.Identity.IdentityCore.csproj", "{821402B5-1819-43CE-A66E-330B4F2899C4}"
EndProject
Project("{FAE04EC0-301F-11D3-BF4B-00C04F79EFBC}") = "ZapisywarkaClientAps.Api.Identity.IdentityCore.Test", "libs\api\identity\identity-core-test\ZapisywarkaClientAps.Api.Identity.IdentityCore.Test.csproj", "{504BB4CC-DBFC-4D90-90A8-342E826E80F9}"
EndProject
Project("{2150E333-8FDC-42A3-9474-1A3956D46DE8}") = "common", "common", "{FE241C84-214B-4D1A-AF40-66D090749840}"
EndProject
Project("{FAE04EC0-301F-11D3-BF4B-00C04F79EFBC}") = "ZapisywarkaClientAps.Api.Common.Infrastructure", "libs\api\common\infrastructure\ZapisywarkaClientAps.Api.Common.Infrastructure.csproj", "{50A33893-40DD-4FB0-9CE4-E28EC9BFB48E}"
EndProject
Global
	GlobalSection(SolutionConfigurationPlatforms) = preSolution
		Debug|Any CPU = Debug|Any CPU
		Debug|x64 = Debug|x64
		Debug|x86 = Debug|x86
		Release|Any CPU = Release|Any CPU
		Release|x64 = Release|x64
		Release|x86 = Release|x86
	EndGlobalSection
	GlobalSection(SolutionProperties) = preSolution
		HideSolutionNode = FALSE
	EndGlobalSection
	GlobalSection(ProjectConfigurationPlatforms) = postSolution
		{21DA3217-6F6E-4919-9E71-8C74C2E2861E}.Debug|Any CPU.ActiveCfg = Debug|Any CPU
		{21DA3217-6F6E-4919-9E71-8C74C2E2861E}.Debug|Any CPU.Build.0 = Debug|Any CPU
		{21DA3217-6F6E-4919-9E71-8C74C2E2861E}.Debug|x64.ActiveCfg = Debug|Any CPU
		{21DA3217-6F6E-4919-9E71-8C74C2E2861E}.Debug|x64.Build.0 = Debug|Any CPU
		{21DA3217-6F6E-4919-9E71-8C74C2E2861E}.Debug|x86.ActiveCfg = Debug|Any CPU
		{21DA3217-6F6E-4919-9E71-8C74C2E2861E}.Debug|x86.Build.0 = Debug|Any CPU
		{21DA3217-6F6E-4919-9E71-8C74C2E2861E}.Release|Any CPU.ActiveCfg = Release|Any CPU
		{21DA3217-6F6E-4919-9E71-8C74C2E2861E}.Release|Any CPU.Build.0 = Release|Any CPU
		{21DA3217-6F6E-4919-9E71-8C74C2E2861E}.Release|x64.ActiveCfg = Release|Any CPU
		{21DA3217-6F6E-4919-9E71-8C74C2E2861E}.Release|x64.Build.0 = Release|Any CPU
		{21DA3217-6F6E-4919-9E71-8C74C2E2861E}.Release|x86.ActiveCfg = Release|Any CPU
		{21DA3217-6F6E-4919-9E71-8C74C2E2861E}.Release|x86.Build.0 = Release|Any CPU
		{2CBB39B5-01F6-4C7A-9729-4C40BC4D580C}.Debug|Any CPU.ActiveCfg = Debug|Any CPU
		{2CBB39B5-01F6-4C7A-9729-4C40BC4D580C}.Debug|Any CPU.Build.0 = Debug|Any CPU
		{2CBB39B5-01F6-4C7A-9729-4C40BC4D580C}.Debug|x64.ActiveCfg = Debug|Any CPU
		{2CBB39B5-01F6-4C7A-9729-4C40BC4D580C}.Debug|x64.Build.0 = Debug|Any CPU
		{2CBB39B5-01F6-4C7A-9729-4C40BC4D580C}.Debug|x86.ActiveCfg = Debug|Any CPU
		{2CBB39B5-01F6-4C7A-9729-4C40BC4D580C}.Debug|x86.Build.0 = Debug|Any CPU
		{2CBB39B5-01F6-4C7A-9729-4C40BC4D580C}.Release|Any CPU.ActiveCfg = Release|Any CPU
		{2CBB39B5-01F6-4C7A-9729-4C40BC4D580C}.Release|Any CPU.Build.0 = Release|Any CPU
		{2CBB39B5-01F6-4C7A-9729-4C40BC4D580C}.Release|x64.ActiveCfg = Release|Any CPU
		{2CBB39B5-01F6-4C7A-9729-4C40BC4D580C}.Release|x64.Build.0 = Release|Any CPU
		{2CBB39B5-01F6-4C7A-9729-4C40BC4D580C}.Release|x86.ActiveCfg = Release|Any CPU
		{2CBB39B5-01F6-4C7A-9729-4C40BC4D580C}.Release|x86.Build.0 = Release|Any CPU
		{52D6CB92-C5DE-43A8-9CB1-77746F0B669F}.Debug|Any CPU.ActiveCfg = Debug|Any CPU
		{52D6CB92-C5DE-43A8-9CB1-77746F0B669F}.Debug|Any CPU.Build.0 = Debug|Any CPU
		{52D6CB92-C5DE-43A8-9CB1-77746F0B669F}.Debug|x64.ActiveCfg = Debug|Any CPU
		{52D6CB92-C5DE-43A8-9CB1-77746F0B669F}.Debug|x64.Build.0 = Debug|Any CPU
		{52D6CB92-C5DE-43A8-9CB1-77746F0B669F}.Debug|x86.ActiveCfg = Debug|Any CPU
		{52D6CB92-C5DE-43A8-9CB1-77746F0B669F}.Debug|x86.Build.0 = Debug|Any CPU
		{52D6CB92-C5DE-43A8-9CB1-77746F0B669F}.Release|Any CPU.ActiveCfg = Release|Any CPU
		{52D6CB92-C5DE-43A8-9CB1-77746F0B669F}.Release|Any CPU.Build.0 = Release|Any CPU
		{52D6CB92-C5DE-43A8-9CB1-77746F0B669F}.Release|x64.ActiveCfg = Release|Any CPU
		{52D6CB92-C5DE-43A8-9CB1-77746F0B669F}.Release|x64.Build.0 = Release|Any CPU
		{52D6CB92-C5DE-43A8-9CB1-77746F0B669F}.Release|x86.ActiveCfg = Release|Any CPU
		{52D6CB92-C5DE-43A8-9CB1-77746F0B669F}.Release|x86.Build.0 = Release|Any CPU
		{C3D67CA4-CACE-422C-86D7-781B8E47FE32}.Debug|Any CPU.ActiveCfg = Debug|Any CPU
		{C3D67CA4-CACE-422C-86D7-781B8E47FE32}.Debug|Any CPU.Build.0 = Debug|Any CPU
		{C3D67CA4-CACE-422C-86D7-781B8E47FE32}.Debug|x64.ActiveCfg = Debug|Any CPU
		{C3D67CA4-CACE-422C-86D7-781B8E47FE32}.Debug|x64.Build.0 = Debug|Any CPU
		{C3D67CA4-CACE-422C-86D7-781B8E47FE32}.Debug|x86.ActiveCfg = Debug|Any CPU
		{C3D67CA4-CACE-422C-86D7-781B8E47FE32}.Debug|x86.Build.0 = Debug|Any CPU
		{C3D67CA4-CACE-422C-86D7-781B8E47FE32}.Release|Any CPU.ActiveCfg = Release|Any CPU
		{C3D67CA4-CACE-422C-86D7-781B8E47FE32}.Release|Any CPU.Build.0 = Release|Any CPU
		{C3D67CA4-CACE-422C-86D7-781B8E47FE32}.Release|x64.ActiveCfg = Release|Any CPU
		{C3D67CA4-CACE-422C-86D7-781B8E47FE32}.Release|x64.Build.0 = Release|Any CPU
		{C3D67CA4-CACE-422C-86D7-781B8E47FE32}.Release|x86.ActiveCfg = Release|Any CPU
		{C3D67CA4-CACE-422C-86D7-781B8E47FE32}.Release|x86.Build.0 = Release|Any CPU
		{0D9EE22E-A54F-472A-9B49-3948D663DDEB}.Debug|Any CPU.ActiveCfg = Debug|Any CPU
		{0D9EE22E-A54F-472A-9B49-3948D663DDEB}.Debug|Any CPU.Build.0 = Debug|Any CPU
		{0D9EE22E-A54F-472A-9B49-3948D663DDEB}.Debug|x64.ActiveCfg = Debug|Any CPU
		{0D9EE22E-A54F-472A-9B49-3948D663DDEB}.Debug|x64.Build.0 = Debug|Any CPU
		{0D9EE22E-A54F-472A-9B49-3948D663DDEB}.Debug|x86.ActiveCfg = Debug|Any CPU
		{0D9EE22E-A54F-472A-9B49-3948D663DDEB}.Debug|x86.Build.0 = Debug|Any CPU
		{0D9EE22E-A54F-472A-9B49-3948D663DDEB}.Release|Any CPU.ActiveCfg = Release|Any CPU
		{0D9EE22E-A54F-472A-9B49-3948D663DDEB}.Release|Any CPU.Build.0 = Release|Any CPU
		{0D9EE22E-A54F-472A-9B49-3948D663DDEB}.Release|x64.ActiveCfg = Release|Any CPU
		{0D9EE22E-A54F-472A-9B49-3948D663DDEB}.Release|x64.Build.0 = Release|Any CPU
		{0D9EE22E-A54F-472A-9B49-3948D663DDEB}.Release|x86.ActiveCfg = Release|Any CPU
		{0D9EE22E-A54F-472A-9B49-3948D663DDEB}.Release|x86.Build.0 = Release|Any CPU
		{821402B5-1819-43CE-A66E-330B4F2899C4}.Debug|Any CPU.ActiveCfg = Debug|Any CPU
		{821402B5-1819-43CE-A66E-330B4F2899C4}.Debug|Any CPU.Build.0 = Debug|Any CPU
		{821402B5-1819-43CE-A66E-330B4F2899C4}.Debug|x64.ActiveCfg = Debug|Any CPU
		{821402B5-1819-43CE-A66E-330B4F2899C4}.Debug|x64.Build.0 = Debug|Any CPU
		{821402B5-1819-43CE-A66E-330B4F2899C4}.Debug|x86.ActiveCfg = Debug|Any CPU
		{821402B5-1819-43CE-A66E-330B4F2899C4}.Debug|x86.Build.0 = Debug|Any CPU
		{821402B5-1819-43CE-A66E-330B4F2899C4}.Release|Any CPU.ActiveCfg = Release|Any CPU
		{821402B5-1819-43CE-A66E-330B4F2899C4}.Release|Any CPU.Build.0 = Release|Any CPU
		{821402B5-1819-43CE-A66E-330B4F2899C4}.Release|x64.ActiveCfg = Release|Any CPU
		{821402B5-1819-43CE-A66E-330B4F2899C4}.Release|x64.Build.0 = Release|Any CPU
		{821402B5-1819-43CE-A66E-330B4F2899C4}.Release|x86.ActiveCfg = Release|Any CPU
		{821402B5-1819-43CE-A66E-330B4F2899C4}.Release|x86.Build.0 = Release|Any CPU
		{504BB4CC-DBFC-4D90-90A8-342E826E80F9}.Debug|Any CPU.ActiveCfg = Debug|Any CPU
		{504BB4CC-DBFC-4D90-90A8-342E826E80F9}.Debug|Any CPU.Build.0 = Debug|Any CPU
		{504BB4CC-DBFC-4D90-90A8-342E826E80F9}.Debug|x64.ActiveCfg = Debug|Any CPU
		{504BB4CC-DBFC-4D90-90A8-342E826E80F9}.Debug|x64.Build.0 = Debug|Any CPU
		{504BB4CC-DBFC-4D90-90A8-342E826E80F9}.Debug|x86.ActiveCfg = Debug|Any CPU
		{504BB4CC-DBFC-4D90-90A8-342E826E80F9}.Debug|x86.Build.0 = Debug|Any CPU
		{504BB4CC-DBFC-4D90-90A8-342E826E80F9}.Release|Any CPU.ActiveCfg = Release|Any CPU
		{504BB4CC-DBFC-4D90-90A8-342E826E80F9}.Release|Any CPU.Build.0 = Release|Any CPU
		{504BB4CC-DBFC-4D90-90A8-342E826E80F9}.Release|x64.ActiveCfg = Release|Any CPU
		{504BB4CC-DBFC-4D90-90A8-342E826E80F9}.Release|x64.Build.0 = Release|Any CPU
		{504BB4CC-DBFC-4D90-90A8-342E826E80F9}.Release|x86.ActiveCfg = Release|Any CPU
		{504BB4CC-DBFC-4D90-90A8-342E826E80F9}.Release|x86.Build.0 = Release|Any CPU
		{50A33893-40DD-4FB0-9CE4-E28EC9BFB48E}.Debug|Any CPU.ActiveCfg = Debug|Any CPU
		{50A33893-40DD-4FB0-9CE4-E28EC9BFB48E}.Debug|Any CPU.Build.0 = Debug|Any CPU
		{50A33893-40DD-4FB0-9CE4-E28EC9BFB48E}.Debug|x64.ActiveCfg = Debug|Any CPU
		{50A33893-40DD-4FB0-9CE4-E28EC9BFB48E}.Debug|x64.Build.0 = Debug|Any CPU
		{50A33893-40DD-4FB0-9CE4-E28EC9BFB48E}.Debug|x86.ActiveCfg = Debug|Any CPU
		{50A33893-40DD-4FB0-9CE4-E28EC9BFB48E}.Debug|x86.Build.0 = Debug|Any CPU
		{50A33893-40DD-4FB0-9CE4-E28EC9BFB48E}.Release|Any CPU.ActiveCfg = Release|Any CPU
		{50A33893-40DD-4FB0-9CE4-E28EC9BFB48E}.Release|Any CPU.Build.0 = Release|Any CPU
		{50A33893-40DD-4FB0-9CE4-E28EC9BFB48E}.Release|x64.ActiveCfg = Release|Any CPU
		{50A33893-40DD-4FB0-9CE4-E28EC9BFB48E}.Release|x64.Build.0 = Release|Any CPU
		{50A33893-40DD-4FB0-9CE4-E28EC9BFB48E}.Release|x86.ActiveCfg = Release|Any CPU
		{50A33893-40DD-4FB0-9CE4-E28EC9BFB48E}.Release|x86.Build.0 = Release|Any CPU
	EndGlobalSection
	GlobalSection(NestedProjects) = preSolution
		{C94025FB-798D-467C-82E5-FE665A700918} = {2AE84712-1096-450F-8628-6BB9CDB167F5}
		{21DA3217-6F6E-4919-9E71-8C74C2E2861E} = {C94025FB-798D-467C-82E5-FE665A700918}
		{2CBB39B5-01F6-4C7A-9729-4C40BC4D580C} = {2AE84712-1096-450F-8628-6BB9CDB167F5}
		{52D6CB92-C5DE-43A8-9CB1-77746F0B669F} = {2AE84712-1096-450F-8628-6BB9CDB167F5}
		{7E6949C4-2E8D-4E8B-94B4-BE8FAA4C5257} = {FE312B85-D13A-4E6B-957F-952D66EDC4D4}
		{DFCA55BE-94EA-4C79-99FB-FD1835B813FB} = {7E6949C4-2E8D-4E8B-94B4-BE8FAA4C5257}
		{C3D67CA4-CACE-422C-86D7-781B8E47FE32} = {DFCA55BE-94EA-4C79-99FB-FD1835B813FB}
		{0D9EE22E-A54F-472A-9B49-3948D663DDEB} = {DFCA55BE-94EA-4C79-99FB-FD1835B813FB}
		{821402B5-1819-43CE-A66E-330B4F2899C4} = {DFCA55BE-94EA-4C79-99FB-FD1835B813FB}
		{504BB4CC-DBFC-4D90-90A8-342E826E80F9} = {DFCA55BE-94EA-4C79-99FB-FD1835B813FB}
		{FE241C84-214B-4D1A-AF40-66D090749840} = {7E6949C4-2E8D-4E8B-94B4-BE8FAA4C5257}
		{50A33893-40DD-4FB0-9CE4-E28EC9BFB48E} = {FE241C84-214B-4D1A-AF40-66D090749840}
	EndGlobalSection
EndGlobal
