
Microsoft Visual Studio Solution File, Format Version 12.00
# Visual Studio Version 16
VisualStudioVersion = 16.0.31105.61
MinimumVisualStudioVersion = 15.0.26124.0
Project("{9A19103F-16F7-4668-BE54-9A1E7A4F7556}") = "Zapisywarka.API.Host", "Host\Zapisywarka.API.Host\Zapisywarka.API.Host.csproj", "{D8EF75CB-8358-485F-BC0D-8C1DE10DA1D8}"
EndProject
Project("{2150E333-8FDC-42A3-9474-1A3956D46DE8}") = "Offers", "Offers", "{B65A5653-4401-4977-96CF-0AE704703449}"
EndProject
Project("{2150E333-8FDC-42A3-9474-1A3956D46DE8}") = "Common", "Common", "{5165A065-D793-4658-9C90-D049A0241A86}"
EndProject
Project("{9A19103F-16F7-4668-BE54-9A1E7A4F7556}") = "Zapisywarka.API.Modules.Offers.Core", "Modules\Offers\Zapisywarka.API.Modules.Offers.Core\Zapisywarka.API.Modules.Offers.Core.csproj", "{06C6772E-0C24-4D28-88E9-6B8A2EFA4662}"
EndProject
Project("{9A19103F-16F7-4668-BE54-9A1E7A4F7556}") = "Zapisywarka.API.Modules.Offers.Api", "Modules\Offers\Zapisywarka.API.Modules.Offers.Api\Zapisywarka.API.Modules.Offers.Api.csproj", "{BB5C3886-FA92-4A5E-B3A0-B2EAD6AC09F0}"
EndProject
Project("{9A19103F-16F7-4668-BE54-9A1E7A4F7556}") = "Zapisywarka.API.Common.Infrastructure", "Common\Zapisywarka.API.Common.Infrastructure\Zapisywarka.API.Common.Infrastructure.csproj", "{B480C5E4-6334-461B-9E6E-82FCB7102526}"
EndProject
Project("{2150E333-8FDC-42A3-9474-1A3956D46DE8}") = "Identity", "Identity", "{40012EB8-6257-4670-A90D-15B3B8B343E5}"
EndProject
Project("{9A19103F-16F7-4668-BE54-9A1E7A4F7556}") = "Zapisywarka.API.Modules.Identity.Core", "Modules\Identity\Zapisywarka.Api.Modules.Identity.Core\Zapisywarka.API.Modules.Identity.Core.csproj", "{ED2CD7F3-0330-4B34-AC41-85E67B0DA084}"
EndProject
Project("{9A19103F-16F7-4668-BE54-9A1E7A4F7556}") = "Zapisywarka.API.Modules.Identity", "Modules\Identity\Zapisywarka.API.Modules.Identity\Zapisywarka.API.Modules.Identity.csproj", "{29F2E2F0-DBBF-4A79-82A3-7B1C459E8C8F}"
EndProject
Project("{9A19103F-16F7-4668-BE54-9A1E7A4F7556}") = "Zapisywarka.Api.Modules.Identity.IntegrationTests", "Modules\Identity\Zapisywarka.Api.Modules.Identity.IntegrationTests\Zapisywarka.Api.Modules.Identity.IntegrationTests.csproj", "{AAEAD811-5520-4CC2-9522-C8BC0DCDD85B}"
EndProject
Project("{FAE04EC0-301F-11D3-BF4B-00C04F79EFBC}") = "Zapisywarka.API.Common.TestState", "Common\Zapisywarka.API.Common.TestState\Zapisywarka.API.Common.TestState.csproj", "{ED26C299-5A55-45FD-80D1-6F941A3514F4}"
EndProject
Project("{2150E333-8FDC-42A3-9474-1A3956D46DE8}") = "Modules", "Modules", "{940AFCF9-374A-4674-A658-5075AEAAEF2F}"
EndProject
Project("{2150E333-8FDC-42A3-9474-1A3956D46DE8}") = "Identity", "Identity", "{FA2FAF2E-4A51-475B-AAAF-42D5DD781F4B}"
EndProject
Project("{FAE04EC0-301F-11D3-BF4B-00C04F79EFBC}") = "Zapisywarka.Api.Modules.Identity.UnitTests", "Modules\Identity\Zapisywarka.Api.Modules.Identity.UnitTests\Zapisywarka.Api.Modules.Identity.UnitTests.csproj", "{C2CEAF80-0144-4110-B6C1-E953E8D42C9E}"
EndProject
Global
	GlobalSection(SolutionConfigurationPlatforms) = preSolution
		Debug|Any CPU = Debug|Any CPU
		Release|Any CPU = Release|Any CPU
	EndGlobalSection
	GlobalSection(ProjectConfigurationPlatforms) = postSolution
		{D8EF75CB-8358-485F-BC0D-8C1DE10DA1D8}.Debug|Any CPU.ActiveCfg = Debug|Any CPU
		{D8EF75CB-8358-485F-BC0D-8C1DE10DA1D8}.Debug|Any CPU.Build.0 = Debug|Any CPU
		{D8EF75CB-8358-485F-BC0D-8C1DE10DA1D8}.Release|Any CPU.ActiveCfg = Release|Any CPU
		{D8EF75CB-8358-485F-BC0D-8C1DE10DA1D8}.Release|Any CPU.Build.0 = Release|Any CPU
		{06C6772E-0C24-4D28-88E9-6B8A2EFA4662}.Debug|Any CPU.ActiveCfg = Debug|Any CPU
		{06C6772E-0C24-4D28-88E9-6B8A2EFA4662}.Debug|Any CPU.Build.0 = Debug|Any CPU
		{06C6772E-0C24-4D28-88E9-6B8A2EFA4662}.Release|Any CPU.ActiveCfg = Release|Any CPU
		{06C6772E-0C24-4D28-88E9-6B8A2EFA4662}.Release|Any CPU.Build.0 = Release|Any CPU
		{BB5C3886-FA92-4A5E-B3A0-B2EAD6AC09F0}.Debug|Any CPU.ActiveCfg = Debug|Any CPU
		{BB5C3886-FA92-4A5E-B3A0-B2EAD6AC09F0}.Debug|Any CPU.Build.0 = Debug|Any CPU
		{BB5C3886-FA92-4A5E-B3A0-B2EAD6AC09F0}.Release|Any CPU.ActiveCfg = Release|Any CPU
		{BB5C3886-FA92-4A5E-B3A0-B2EAD6AC09F0}.Release|Any CPU.Build.0 = Release|Any CPU
		{B480C5E4-6334-461B-9E6E-82FCB7102526}.Debug|Any CPU.ActiveCfg = Debug|Any CPU
		{B480C5E4-6334-461B-9E6E-82FCB7102526}.Debug|Any CPU.Build.0 = Debug|Any CPU
		{B480C5E4-6334-461B-9E6E-82FCB7102526}.Release|Any CPU.ActiveCfg = Release|Any CPU
		{B480C5E4-6334-461B-9E6E-82FCB7102526}.Release|Any CPU.Build.0 = Release|Any CPU
		{ED2CD7F3-0330-4B34-AC41-85E67B0DA084}.Debug|Any CPU.ActiveCfg = Debug|Any CPU
		{ED2CD7F3-0330-4B34-AC41-85E67B0DA084}.Debug|Any CPU.Build.0 = Debug|Any CPU
		{ED2CD7F3-0330-4B34-AC41-85E67B0DA084}.Release|Any CPU.ActiveCfg = Release|Any CPU
		{ED2CD7F3-0330-4B34-AC41-85E67B0DA084}.Release|Any CPU.Build.0 = Release|Any CPU
		{29F2E2F0-DBBF-4A79-82A3-7B1C459E8C8F}.Debug|Any CPU.ActiveCfg = Debug|Any CPU
		{29F2E2F0-DBBF-4A79-82A3-7B1C459E8C8F}.Debug|Any CPU.Build.0 = Debug|Any CPU
		{29F2E2F0-DBBF-4A79-82A3-7B1C459E8C8F}.Release|Any CPU.ActiveCfg = Release|Any CPU
		{29F2E2F0-DBBF-4A79-82A3-7B1C459E8C8F}.Release|Any CPU.Build.0 = Release|Any CPU
		{AAEAD811-5520-4CC2-9522-C8BC0DCDD85B}.Debug|Any CPU.ActiveCfg = Debug|Any CPU
		{AAEAD811-5520-4CC2-9522-C8BC0DCDD85B}.Debug|Any CPU.Build.0 = Debug|Any CPU
		{AAEAD811-5520-4CC2-9522-C8BC0DCDD85B}.Release|Any CPU.ActiveCfg = Release|Any CPU
		{AAEAD811-5520-4CC2-9522-C8BC0DCDD85B}.Release|Any CPU.Build.0 = Release|Any CPU
		{ED26C299-5A55-45FD-80D1-6F941A3514F4}.Debug|Any CPU.ActiveCfg = Debug|Any CPU
		{ED26C299-5A55-45FD-80D1-6F941A3514F4}.Debug|Any CPU.Build.0 = Debug|Any CPU
		{ED26C299-5A55-45FD-80D1-6F941A3514F4}.Release|Any CPU.ActiveCfg = Release|Any CPU
		{ED26C299-5A55-45FD-80D1-6F941A3514F4}.Release|Any CPU.Build.0 = Release|Any CPU
		{C2CEAF80-0144-4110-B6C1-E953E8D42C9E}.Debug|Any CPU.ActiveCfg = Debug|Any CPU
		{C2CEAF80-0144-4110-B6C1-E953E8D42C9E}.Debug|Any CPU.Build.0 = Debug|Any CPU
		{C2CEAF80-0144-4110-B6C1-E953E8D42C9E}.Release|Any CPU.ActiveCfg = Release|Any CPU
		{C2CEAF80-0144-4110-B6C1-E953E8D42C9E}.Release|Any CPU.Build.0 = Release|Any CPU
	EndGlobalSection
	GlobalSection(SolutionProperties) = preSolution
		HideSolutionNode = FALSE
	EndGlobalSection
	GlobalSection(NestedProjects) = preSolution
		{06C6772E-0C24-4D28-88E9-6B8A2EFA4662} = {B65A5653-4401-4977-96CF-0AE704703449}
		{BB5C3886-FA92-4A5E-B3A0-B2EAD6AC09F0} = {B65A5653-4401-4977-96CF-0AE704703449}
		{B480C5E4-6334-461B-9E6E-82FCB7102526} = {5165A065-D793-4658-9C90-D049A0241A86}
		{ED2CD7F3-0330-4B34-AC41-85E67B0DA084} = {40012EB8-6257-4670-A90D-15B3B8B343E5}
		{29F2E2F0-DBBF-4A79-82A3-7B1C459E8C8F} = {40012EB8-6257-4670-A90D-15B3B8B343E5}
		{AAEAD811-5520-4CC2-9522-C8BC0DCDD85B} = {40012EB8-6257-4670-A90D-15B3B8B343E5}
		{ED26C299-5A55-45FD-80D1-6F941A3514F4} = {5165A065-D793-4658-9C90-D049A0241A86}
		{FA2FAF2E-4A51-475B-AAAF-42D5DD781F4B} = {940AFCF9-374A-4674-A658-5075AEAAEF2F}
		{C2CEAF80-0144-4110-B6C1-E953E8D42C9E} = {FA2FAF2E-4A51-475B-AAAF-42D5DD781F4B}
	EndGlobalSection
	GlobalSection(ExtensibilityGlobals) = postSolution
		SolutionGuid = {55E6C312-678F-499D-A2DC-2BF5E23F80A6}
	EndGlobalSection
EndGlobal
