dependencies:
- name: webservice
  repository: file://../webservice
  version: 0.1.0
- name: webservice
  repository: file://../webservice
  version: 0.1.0
- name: stackgres-cluster
  repository: file://../stackgres-cluster
  version: 0.1.0
- name: task
  repository: file://../task
  version: 0.1.0
digest: sha256:4945e077677f30c753a712762121c874f8ed3a41b08cfb71e911cf122051d4ef
generated: "2023-01-06T00:30:31.256580305+01:00"
